
Microsoft Visual Studio Solution File, Format Version 12.00
# Visual Studio Version 17
VisualStudioVersion = 17.9.34701.34
MinimumVisualStudioVersion = 10.0.40219.1
Project("{9A19103F-16F7-4668-BE54-9A1E7A4F7556}") = "Zagorschi", "Butuc\Zagorschi.csproj", "{F84C01A0-E9A5-4176-B8D6-185FA6AEA027}"
EndProject
Global
	GlobalSection(SolutionConfigurationPlatforms) = preSolution
		Debug|Any CPU = Debug|Any CPU
		Release|Any CPU = Release|Any CPU
	EndGlobalSection
	GlobalSection(ProjectConfigurationPlatforms) = postSolution
		{F84C01A0-E9A5-4176-B8D6-185FA6AEA027}.Debug|Any CPU.ActiveCfg = Debug|Any CPU
		{F84C01A0-E9A5-4176-B8D6-185FA6AEA027}.Debug|Any CPU.Build.0 = Debug|Any CPU
		{F84C01A0-E9A5-4176-B8D6-185FA6AEA027}.Release|Any CPU.ActiveCfg = Release|Any CPU
		{F84C01A0-E9A5-4176-B8D6-185FA6AEA027}.Release|Any CPU.Build.0 = Release|Any CPU
	EndGlobalSection
	GlobalSection(SolutionProperties) = preSolution
		HideSolutionNode = FALSE
	EndGlobalSection
	GlobalSection(ExtensibilityGlobals) = postSolution
		SolutionGuid = {FEC4F542-8C11-4A4E-B937-1AF302931B3A}
	EndGlobalSection
EndGlobal
